
Microsoft Visual Studio Solution File, Format Version 12.00
# Visual Studio 2012
Project("{FAE04EC0-301F-11D3-BF4B-00C04F79EFBC}") = "Packet_Sender_Mobile", "Packet_Sender_Mobile\Packet_Sender_Mobile.csproj", "{D97B3A99-EB14-45B7-A5C8-495B6E435E10}"
EndProject
Project("{FAE04EC0-301F-11D3-BF4B-00C04F79EFBC}") = "Packet_Sender_Mobile.iOS", "iOS\Packet_Sender_Mobile.iOS.csproj", "{1ED3BCDA-9322-4C3B-95DA-7C49F82B7598}"
EndProject
Project("{FAE04EC0-301F-11D3-BF4B-00C04F79EFBC}") = "Packet_Sender_Mobile.Droid", "Droid\Packet_Sender_Mobile.Droid.csproj", "{56183E3C-94D2-473C-A1C1-59ADD5B6FF8E}"
EndProject
Global
	GlobalSection(SolutionConfigurationPlatforms) = preSolution
		Debug|Any CPU = Debug|Any CPU
		Release|Any CPU = Release|Any CPU
		Debug|iPhoneSimulator = Debug|iPhoneSimulator
		Release|iPhone = Release|iPhone
		Release|iPhoneSimulator = Release|iPhoneSimulator
		Debug|iPhone = Debug|iPhone
	EndGlobalSection
	GlobalSection(ProjectConfigurationPlatforms) = postSolution
		{D97B3A99-EB14-45B7-A5C8-495B6E435E10}.Debug|Any CPU.ActiveCfg = Debug|Any CPU
		{D97B3A99-EB14-45B7-A5C8-495B6E435E10}.Debug|Any CPU.Build.0 = Debug|Any CPU
		{D97B3A99-EB14-45B7-A5C8-495B6E435E10}.Release|Any CPU.ActiveCfg = Release|Any CPU
		{D97B3A99-EB14-45B7-A5C8-495B6E435E10}.Release|Any CPU.Build.0 = Release|Any CPU
		{D97B3A99-EB14-45B7-A5C8-495B6E435E10}.Debug|iPhoneSimulator.ActiveCfg = Debug|Any CPU
		{D97B3A99-EB14-45B7-A5C8-495B6E435E10}.Debug|iPhoneSimulator.Build.0 = Debug|Any CPU
		{D97B3A99-EB14-45B7-A5C8-495B6E435E10}.Release|iPhone.ActiveCfg = Release|Any CPU
		{D97B3A99-EB14-45B7-A5C8-495B6E435E10}.Release|iPhone.Build.0 = Release|Any CPU
		{D97B3A99-EB14-45B7-A5C8-495B6E435E10}.Release|iPhoneSimulator.ActiveCfg = Release|Any CPU
		{D97B3A99-EB14-45B7-A5C8-495B6E435E10}.Release|iPhoneSimulator.Build.0 = Release|Any CPU
		{D97B3A99-EB14-45B7-A5C8-495B6E435E10}.Debug|iPhone.ActiveCfg = Debug|Any CPU
		{D97B3A99-EB14-45B7-A5C8-495B6E435E10}.Debug|iPhone.Build.0 = Debug|Any CPU
		{1ED3BCDA-9322-4C3B-95DA-7C49F82B7598}.Debug|Any CPU.ActiveCfg = Debug|iPhoneSimulator
		{1ED3BCDA-9322-4C3B-95DA-7C49F82B7598}.Debug|Any CPU.Build.0 = Debug|iPhoneSimulator
		{1ED3BCDA-9322-4C3B-95DA-7C49F82B7598}.Release|Any CPU.ActiveCfg = Release|iPhone
		{1ED3BCDA-9322-4C3B-95DA-7C49F82B7598}.Release|Any CPU.Build.0 = Release|iPhone
		{1ED3BCDA-9322-4C3B-95DA-7C49F82B7598}.Debug|iPhoneSimulator.ActiveCfg = Debug|iPhoneSimulator
		{1ED3BCDA-9322-4C3B-95DA-7C49F82B7598}.Debug|iPhoneSimulator.Build.0 = Debug|iPhoneSimulator
		{1ED3BCDA-9322-4C3B-95DA-7C49F82B7598}.Release|iPhone.ActiveCfg = Release|iPhone
		{1ED3BCDA-9322-4C3B-95DA-7C49F82B7598}.Release|iPhone.Build.0 = Release|iPhone
		{1ED3BCDA-9322-4C3B-95DA-7C49F82B7598}.Release|iPhoneSimulator.ActiveCfg = Release|iPhoneSimulator
		{1ED3BCDA-9322-4C3B-95DA-7C49F82B7598}.Release|iPhoneSimulator.Build.0 = Release|iPhoneSimulator
		{1ED3BCDA-9322-4C3B-95DA-7C49F82B7598}.Debug|iPhone.ActiveCfg = Debug|iPhone
		{1ED3BCDA-9322-4C3B-95DA-7C49F82B7598}.Debug|iPhone.Build.0 = Debug|iPhone
		{56183E3C-94D2-473C-A1C1-59ADD5B6FF8E}.Debug|Any CPU.ActiveCfg = Debug|Any CPU
		{56183E3C-94D2-473C-A1C1-59ADD5B6FF8E}.Debug|Any CPU.Build.0 = Debug|Any CPU
		{56183E3C-94D2-473C-A1C1-59ADD5B6FF8E}.Release|Any CPU.ActiveCfg = Release|Any CPU
		{56183E3C-94D2-473C-A1C1-59ADD5B6FF8E}.Release|Any CPU.Build.0 = Release|Any CPU
		{56183E3C-94D2-473C-A1C1-59ADD5B6FF8E}.Debug|iPhoneSimulator.ActiveCfg = Debug|Any CPU
		{56183E3C-94D2-473C-A1C1-59ADD5B6FF8E}.Debug|iPhoneSimulator.Build.0 = Debug|Any CPU
		{56183E3C-94D2-473C-A1C1-59ADD5B6FF8E}.Release|iPhone.ActiveCfg = Release|Any CPU
		{56183E3C-94D2-473C-A1C1-59ADD5B6FF8E}.Release|iPhone.Build.0 = Release|Any CPU
		{56183E3C-94D2-473C-A1C1-59ADD5B6FF8E}.Release|iPhoneSimulator.ActiveCfg = Release|Any CPU
		{56183E3C-94D2-473C-A1C1-59ADD5B6FF8E}.Release|iPhoneSimulator.Build.0 = Release|Any CPU
		{56183E3C-94D2-473C-A1C1-59ADD5B6FF8E}.Debug|iPhone.ActiveCfg = Debug|Any CPU
		{56183E3C-94D2-473C-A1C1-59ADD5B6FF8E}.Debug|iPhone.Build.0 = Debug|Any CPU
	EndGlobalSection
EndGlobal
